
Microsoft Visual Studio Solution File, Format Version 12.00
# Visual Studio Version 16
VisualStudioVersion = 16.0.30717.126
MinimumVisualStudioVersion = 10.0.40219.1
Project("{8BC9CEB8-8B4A-11D0-8D11-00A0C91BC942}") = "18.四数之和", "18.四数之和.vcxproj", "{A2A8AE47-FC48-4308-B402-A4A1CC11A0D4}"
EndProject
Global
	GlobalSection(SolutionConfigurationPlatforms) = preSolution
		Debug|x64 = Debug|x64
		Debug|x86 = Debug|x86
		Release|x64 = Release|x64
		Release|x86 = Release|x86
	EndGlobalSection
	GlobalSection(ProjectConfigurationPlatforms) = postSolution
		{A2A8AE47-FC48-4308-B402-A4A1CC11A0D4}.Debug|x64.ActiveCfg = Debug|x64
		{A2A8AE47-FC48-4308-B402-A4A1CC11A0D4}.Debug|x64.Build.0 = Debug|x64
		{A2A8AE47-FC48-4308-B402-A4A1CC11A0D4}.Debug|x86.ActiveCfg = Debug|Win32
		{A2A8AE47-FC48-4308-B402-A4A1CC11A0D4}.Debug|x86.Build.0 = Debug|Win32
		{A2A8AE47-FC48-4308-B402-A4A1CC11A0D4}.Release|x64.ActiveCfg = Release|x64
		{A2A8AE47-FC48-4308-B402-A4A1CC11A0D4}.Release|x64.Build.0 = Release|x64
		{A2A8AE47-FC48-4308-B402-A4A1CC11A0D4}.Release|x86.ActiveCfg = Release|Win32
		{A2A8AE47-FC48-4308-B402-A4A1CC11A0D4}.Release|x86.Build.0 = Release|Win32
	EndGlobalSection
	GlobalSection(SolutionProperties) = preSolution
		HideSolutionNode = FALSE
	EndGlobalSection
	GlobalSection(ExtensibilityGlobals) = postSolution
		SolutionGuid = {46F9DD00-AA0E-43D5-BBD7-E2A4B5AA6255}
	EndGlobalSection
EndGlobal
